
Microsoft Visual Studio Solution File, Format Version 12.00
# Visual Studio Version 17
VisualStudioVersion = 17.11.35219.272
MinimumVisualStudioVersion = 10.0.40219.1
Project("{FAE04EC0-301F-11D3-BF4B-00C04F79EFBC}") = "WebApplication5", "WebApplication5\WebApplication5.csproj", "{A9EC8E27-25EF-48AC-9930-987C10528FEC}"
EndProject
Global
	GlobalSection(SolutionConfigurationPlatforms) = preSolution
		Debug|Any CPU = Debug|Any CPU
		Release|Any CPU = Release|Any CPU
	EndGlobalSection
	GlobalSection(ProjectConfigurationPlatforms) = postSolution
		{A9EC8E27-25EF-48AC-9930-987C10528FEC}.Debug|Any CPU.ActiveCfg = Debug|Any CPU
		{A9EC8E27-25EF-48AC-9930-987C10528FEC}.Debug|Any CPU.Build.0 = Debug|Any CPU
		{A9EC8E27-25EF-48AC-9930-987C10528FEC}.Release|Any CPU.ActiveCfg = Release|Any CPU
		{A9EC8E27-25EF-48AC-9930-987C10528FEC}.Release|Any CPU.Build.0 = Release|Any CPU
	EndGlobalSection
	GlobalSection(SolutionProperties) = preSolution
		HideSolutionNode = FALSE
	EndGlobalSection
	GlobalSection(ExtensibilityGlobals) = postSolution
		SolutionGuid = {C8F63D40-58A7-46F4-B544-AE15980998FB}
	EndGlobalSection
EndGlobal
